
Microsoft Visual Studio Solution File, Format Version 12.00
# Visual Studio Version 17
VisualStudioVersion = 17.4.33213.308
MinimumVisualStudioVersion = 10.0.40219.1
Project("{FAE04EC0-301F-11D3-BF4B-00C04F79EFBC}") = "UnidasTestProject", "UnidasTestProject.csproj", "{EB888AAF-45E9-468B-A717-D12E8FBB8E33}"
EndProject
Global
	GlobalSection(SolutionConfigurationPlatforms) = preSolution
		Debug|Any CPU = Debug|Any CPU
		Release|Any CPU = Release|Any CPU
	EndGlobalSection
	GlobalSection(ProjectConfigurationPlatforms) = postSolution
		{EB888AAF-45E9-468B-A717-D12E8FBB8E33}.Debug|Any CPU.ActiveCfg = Debug|Any CPU
		{EB888AAF-45E9-468B-A717-D12E8FBB8E33}.Debug|Any CPU.Build.0 = Debug|Any CPU
		{EB888AAF-45E9-468B-A717-D12E8FBB8E33}.Release|Any CPU.ActiveCfg = Release|Any CPU
		{EB888AAF-45E9-468B-A717-D12E8FBB8E33}.Release|Any CPU.Build.0 = Release|Any CPU
	EndGlobalSection
	GlobalSection(SolutionProperties) = preSolution
		HideSolutionNode = FALSE
	EndGlobalSection
	GlobalSection(ExtensibilityGlobals) = postSolution
		SolutionGuid = {A8F72FFD-9EB1-4584-8D98-71226289058C}
	EndGlobalSection
EndGlobal
